
Microsoft Visual Studio Solution File, Format Version 12.00
# Visual Studio Version 17
VisualStudioVersion = 17.6.33815.320
MinimumVisualStudioVersion = 10.0.40219.1
Project("{FAE04EC0-301F-11D3-BF4B-00C04F79EFBC}") = "WordSculpt", "WordSculpt.csproj", "{8CCFCA50-11AE-4C6A-A1B3-C002D6A018F2}"
EndProject
Global
	GlobalSection(SolutionConfigurationPlatforms) = preSolution
		Debug|Any CPU = Debug|Any CPU
		Release|Any CPU = Release|Any CPU
	EndGlobalSection
	GlobalSection(ProjectConfigurationPlatforms) = postSolution
		{8CCFCA50-11AE-4C6A-A1B3-C002D6A018F2}.Debug|Any CPU.ActiveCfg = Debug|Any CPU
		{8CCFCA50-11AE-4C6A-A1B3-C002D6A018F2}.Debug|Any CPU.Build.0 = Debug|Any CPU
		{8CCFCA50-11AE-4C6A-A1B3-C002D6A018F2}.Release|Any CPU.ActiveCfg = Release|Any CPU
		{8CCFCA50-11AE-4C6A-A1B3-C002D6A018F2}.Release|Any CPU.Build.0 = Release|Any CPU
	EndGlobalSection
	GlobalSection(SolutionProperties) = preSolution
		HideSolutionNode = FALSE
	EndGlobalSection
	GlobalSection(ExtensibilityGlobals) = postSolution
		SolutionGuid = {F1D2597B-28CF-4617-AA06-3CA55EDEE2C2}
	EndGlobalSection
EndGlobal
